
Microsoft Visual Studio Solution File, Format Version 12.00
# Visual Studio Version 17
VisualStudioVersion = 17.2.32516.85
MinimumVisualStudioVersion = 10.0.40219.1
Project("{FAE04EC0-301F-11D3-BF4B-00C04F79EFBC}") = "CCU", "CCU\CCU.csproj", "{5B5C7E24-C46E-4BCB-93AE-EDD38869AFFA}"
EndProject
Project("{2150E333-8FDC-42A3-9474-1A3956D46DE8}") = "Solution Items", "Solution Items", "{D0A52E52-181D-4BBD-8259-61A9468CC875}"
	ProjectSection(SolutionItems) = preProject
		README.md = README.md
	EndProjectSection
EndProject
Global
	GlobalSection(SolutionConfigurationPlatforms) = preSolution
		Debug|Any CPU = Debug|Any CPU
		Designer Edition - Hotkeys Only|Any CPU = Designer Edition - Hotkeys Only|Any CPU
		Designer Edition|Any CPU = Designer Edition|Any CPU
		Player Edition|Any CPU = Player Edition|Any CPU
		Release|Any CPU = Release|Any CPU
	EndGlobalSection
	GlobalSection(ProjectConfigurationPlatforms) = postSolution
		{5B5C7E24-C46E-4BCB-93AE-EDD38869AFFA}.Debug|Any CPU.ActiveCfg = Debug|Any CPU
		{5B5C7E24-C46E-4BCB-93AE-EDD38869AFFA}.Debug|Any CPU.Build.0 = Debug|Any CPU
		{5B5C7E24-C46E-4BCB-93AE-EDD38869AFFA}.Designer Edition - Hotkeys Only|Any CPU.ActiveCfg = Designer Edition - Hotkeys Only|Any CPU
		{5B5C7E24-C46E-4BCB-93AE-EDD38869AFFA}.Designer Edition - Hotkeys Only|Any CPU.Build.0 = Designer Edition - Hotkeys Only|Any CPU
		{5B5C7E24-C46E-4BCB-93AE-EDD38869AFFA}.Designer Edition|Any CPU.ActiveCfg = Designer Edition|Any CPU
		{5B5C7E24-C46E-4BCB-93AE-EDD38869AFFA}.Designer Edition|Any CPU.Build.0 = Designer Edition|Any CPU
		{5B5C7E24-C46E-4BCB-93AE-EDD38869AFFA}.Player Edition|Any CPU.ActiveCfg = Player Edition|Any CPU
		{5B5C7E24-C46E-4BCB-93AE-EDD38869AFFA}.Player Edition|Any CPU.Build.0 = Player Edition|Any CPU
		{5B5C7E24-C46E-4BCB-93AE-EDD38869AFFA}.Release|Any CPU.ActiveCfg = Release|Any CPU
		{5B5C7E24-C46E-4BCB-93AE-EDD38869AFFA}.Release|Any CPU.Build.0 = Release|Any CPU
	EndGlobalSection
	GlobalSection(SolutionProperties) = preSolution
		HideSolutionNode = FALSE
	EndGlobalSection
	GlobalSection(ExtensibilityGlobals) = postSolution
		SolutionGuid = {451AAEEC-1E65-4511-AB23-404F3D2DC450}
	EndGlobalSection
EndGlobal
